
Microsoft Visual Studio Solution File, Format Version 12.00
# Visual Studio Version 16
VisualStudioVersion = 16.0.31129.286
MinimumVisualStudioVersion = 10.0.40219.1
Project("{FAE04EC0-301F-11D3-BF4B-00C04F79EFBC}") = "Greeting.TCPServer", "Greeting.TCPServer\Greeting.TCPServer.csproj", "{A746AD9F-E54D-4FF9-A23A-EB834B390BC5}"
EndProject
Project("{FAE04EC0-301F-11D3-BF4B-00C04F79EFBC}") = "Greeting.TcpCli", "Greeting.TcpCli\Greeting.TcpCli.csproj", "{518FE116-0EF3-4390-BD6B-1B232C45F904}"
EndProject
Project("{FAE04EC0-301F-11D3-BF4B-00C04F79EFBC}") = "Greeting.DTOs", "Greeting.DTOs\Greeting.DTOs.csproj", "{7EE43A1E-4330-4D7E-8431-39A9E3B7B396}"
EndProject
Global
	GlobalSection(SolutionConfigurationPlatforms) = preSolution
		Debug|Any CPU = Debug|Any CPU
		Release|Any CPU = Release|Any CPU
	EndGlobalSection
	GlobalSection(ProjectConfigurationPlatforms) = postSolution
		{A746AD9F-E54D-4FF9-A23A-EB834B390BC5}.Debug|Any CPU.ActiveCfg = Debug|Any CPU
		{A746AD9F-E54D-4FF9-A23A-EB834B390BC5}.Debug|Any CPU.Build.0 = Debug|Any CPU
		{A746AD9F-E54D-4FF9-A23A-EB834B390BC5}.Release|Any CPU.ActiveCfg = Release|Any CPU
		{A746AD9F-E54D-4FF9-A23A-EB834B390BC5}.Release|Any CPU.Build.0 = Release|Any CPU
		{518FE116-0EF3-4390-BD6B-1B232C45F904}.Debug|Any CPU.ActiveCfg = Debug|Any CPU
		{518FE116-0EF3-4390-BD6B-1B232C45F904}.Debug|Any CPU.Build.0 = Debug|Any CPU
		{518FE116-0EF3-4390-BD6B-1B232C45F904}.Release|Any CPU.ActiveCfg = Release|Any CPU
		{518FE116-0EF3-4390-BD6B-1B232C45F904}.Release|Any CPU.Build.0 = Release|Any CPU
		{7EE43A1E-4330-4D7E-8431-39A9E3B7B396}.Debug|Any CPU.ActiveCfg = Debug|Any CPU
		{7EE43A1E-4330-4D7E-8431-39A9E3B7B396}.Debug|Any CPU.Build.0 = Debug|Any CPU
		{7EE43A1E-4330-4D7E-8431-39A9E3B7B396}.Release|Any CPU.ActiveCfg = Release|Any CPU
		{7EE43A1E-4330-4D7E-8431-39A9E3B7B396}.Release|Any CPU.Build.0 = Release|Any CPU
	EndGlobalSection
	GlobalSection(SolutionProperties) = preSolution
		HideSolutionNode = FALSE
	EndGlobalSection
	GlobalSection(ExtensibilityGlobals) = postSolution
		SolutionGuid = {D3ED4F41-F3D0-4A37-951C-83E726E9F037}
	EndGlobalSection
EndGlobal
